
Microsoft Visual Studio Solution File, Format Version 12.00
# Visual Studio 15
VisualStudioVersion = 15.0.28307.421
MinimumVisualStudioVersion = 10.0.40219.1
Project("{FAE04EC0-301F-11D3-BF4B-00C04F79EFBC}") = "VoyagerY", "VoyagerY\VoyagerY.csproj", "{45D730E8-AE86-4A41-BCEC-01F2D84023D2}"
EndProject
Project("{FAE04EC0-301F-11D3-BF4B-00C04F79EFBC}") = "VoyagerYDataAccess", "VoyagerYDataAccess\VoyagerYDataAccess.csproj", "{31F46E19-9251-4BEE-9AB1-2A14BBC3C5C5}"
EndProject
Project("{FAE04EC0-301F-11D3-BF4B-00C04F79EFBC}") = "VoyagerYBusiness", "VoyagerYBusiness\VoyagerYBusiness.csproj", "{6357821C-C2B0-4920-9D4C-8D4866F8CC89}"
EndProject
Project("{FAE04EC0-301F-11D3-BF4B-00C04F79EFBC}") = "VoyagerYEnt", "VoyagerYEnt\VoyagerYEnt.csproj", "{57F8D096-6A42-4F45-9CA6-B8160D5F8F42}"
EndProject
Project("{FAE04EC0-301F-11D3-BF4B-00C04F79EFBC}") = "VoyagerYMVC", "VoyagerYMVC\VoyagerYMVC.csproj", "{D71A636D-9BD6-48A9-9166-ACEC4249793A}"
EndProject
Global
	GlobalSection(SolutionConfigurationPlatforms) = preSolution
		Debug|Any CPU = Debug|Any CPU
		Release|Any CPU = Release|Any CPU
	EndGlobalSection
	GlobalSection(ProjectConfigurationPlatforms) = postSolution
		{45D730E8-AE86-4A41-BCEC-01F2D84023D2}.Debug|Any CPU.ActiveCfg = Debug|Any CPU
		{45D730E8-AE86-4A41-BCEC-01F2D84023D2}.Debug|Any CPU.Build.0 = Debug|Any CPU
		{45D730E8-AE86-4A41-BCEC-01F2D84023D2}.Release|Any CPU.ActiveCfg = Release|Any CPU
		{45D730E8-AE86-4A41-BCEC-01F2D84023D2}.Release|Any CPU.Build.0 = Release|Any CPU
		{31F46E19-9251-4BEE-9AB1-2A14BBC3C5C5}.Debug|Any CPU.ActiveCfg = Debug|Any CPU
		{31F46E19-9251-4BEE-9AB1-2A14BBC3C5C5}.Debug|Any CPU.Build.0 = Debug|Any CPU
		{31F46E19-9251-4BEE-9AB1-2A14BBC3C5C5}.Release|Any CPU.ActiveCfg = Release|Any CPU
		{31F46E19-9251-4BEE-9AB1-2A14BBC3C5C5}.Release|Any CPU.Build.0 = Release|Any CPU
		{6357821C-C2B0-4920-9D4C-8D4866F8CC89}.Debug|Any CPU.ActiveCfg = Debug|Any CPU
		{6357821C-C2B0-4920-9D4C-8D4866F8CC89}.Debug|Any CPU.Build.0 = Debug|Any CPU
		{6357821C-C2B0-4920-9D4C-8D4866F8CC89}.Release|Any CPU.ActiveCfg = Release|Any CPU
		{6357821C-C2B0-4920-9D4C-8D4866F8CC89}.Release|Any CPU.Build.0 = Release|Any CPU
		{57F8D096-6A42-4F45-9CA6-B8160D5F8F42}.Debug|Any CPU.ActiveCfg = Debug|Any CPU
		{57F8D096-6A42-4F45-9CA6-B8160D5F8F42}.Debug|Any CPU.Build.0 = Debug|Any CPU
		{57F8D096-6A42-4F45-9CA6-B8160D5F8F42}.Release|Any CPU.ActiveCfg = Release|Any CPU
		{57F8D096-6A42-4F45-9CA6-B8160D5F8F42}.Release|Any CPU.Build.0 = Release|Any CPU
		{D71A636D-9BD6-48A9-9166-ACEC4249793A}.Debug|Any CPU.ActiveCfg = Debug|Any CPU
		{D71A636D-9BD6-48A9-9166-ACEC4249793A}.Debug|Any CPU.Build.0 = Debug|Any CPU
		{D71A636D-9BD6-48A9-9166-ACEC4249793A}.Release|Any CPU.ActiveCfg = Release|Any CPU
		{D71A636D-9BD6-48A9-9166-ACEC4249793A}.Release|Any CPU.Build.0 = Release|Any CPU
	EndGlobalSection
	GlobalSection(SolutionProperties) = preSolution
		HideSolutionNode = FALSE
	EndGlobalSection
	GlobalSection(ExtensibilityGlobals) = postSolution
		SolutionGuid = {26224A9B-9945-4511-9655-0F63BC3C3BBC}
	EndGlobalSection
EndGlobal
